
Microsoft Visual Studio Solution File, Format Version 12.00
# Visual Studio 15
Project("{FAE04EC0-301F-11D3-BF4B-00C04F79EFBC}") = "Unity.VisualScripting.Core", "Unity.VisualScripting.Core.csproj", "{6D2F4561-7F14-8EB0-315A-3D41D6EC9ADE}"
EndProject
Project("{FAE04EC0-301F-11D3-BF4B-00C04F79EFBC}") = "UnityEngine.TestRunner", "UnityEngine.TestRunner.csproj", "{E3DFBE08-B77D-A8D6-07E2-60F8902226E1}"
EndProject
Project("{FAE04EC0-301F-11D3-BF4B-00C04F79EFBC}") = "Unity.VisualScripting.State", "Unity.VisualScripting.State.csproj", "{83288D4B-E772-27AD-DE73-B70973093A65}"
EndProject
Project("{FAE04EC0-301F-11D3-BF4B-00C04F79EFBC}") = "Unity.VisualScripting.Flow", "Unity.VisualScripting.Flow.csproj", "{DA170D11-36E2-D7D7-7B13-CC1310423439}"
EndProject
Project("{FAE04EC0-301F-11D3-BF4B-00C04F79EFBC}") = "UnityEditor.TestRunner", "UnityEditor.TestRunner.csproj", "{75BE2417-B772-0E64-3ADD-19E1FD593B50}"
EndProject
Project("{FAE04EC0-301F-11D3-BF4B-00C04F79EFBC}") = "Unity.VisualScripting.Core.Editor", "Unity.VisualScripting.Core.Editor.csproj", "{6CC8B3EB-D6D7-9BBA-DFE7-453284FE3200}"
EndProject
Project("{FAE04EC0-301F-11D3-BF4B-00C04F79EFBC}") = "Unity.VisualStudio.Editor", "Unity.VisualStudio.Editor.csproj", "{C598A5BE-51D7-C1DC-B5EE-E9C860405440}"
EndProject
Project("{FAE04EC0-301F-11D3-BF4B-00C04F79EFBC}") = "Unity.VisualScripting.State.Editor", "Unity.VisualScripting.State.Editor.csproj", "{4D32A625-E701-CC2C-0138-C3D346258B92}"
EndProject
Project("{FAE04EC0-301F-11D3-BF4B-00C04F79EFBC}") = "Unity.VisualScripting.Flow.Editor", "Unity.VisualScripting.Flow.Editor.csproj", "{C52DBAD7-46B6-372D-A348-F8B3CF6CFBDA}"
EndProject
Project("{FAE04EC0-301F-11D3-BF4B-00C04F79EFBC}") = "VSSettingsProvider", "VSSettingsProvider.csproj", "{DCE106D7-4298-B4D1-9B62-BA4E1AB6BBA7}"
EndProject
Project("{FAE04EC0-301F-11D3-BF4B-00C04F79EFBC}") = "UVSFinder.Editor", "UVSFinder.Editor.csproj", "{C2E11A9C-81A8-8A7C-17B5-57E48DDA74A7}"
EndProject
Project("{FAE04EC0-301F-11D3-BF4B-00C04F79EFBC}") = "needle.EditorPatching", "needle.EditorPatching.csproj", "{3713141B-D1E9-679D-5613-6EEB0ED6C597}"
EndProject
Project("{FAE04EC0-301F-11D3-BF4B-00C04F79EFBC}") = "UVSFinder.Editor.Tests", "UVSFinder.Editor.Tests.csproj", "{F9D2A5C9-6E34-1665-10BE-0524B01FFFEC}"
EndProject
Global
	GlobalSection(SolutionConfigurationPlatforms) = preSolution
		Debug|Any CPU = Debug|Any CPU
		Release|Any CPU = Release|Any CPU
	EndGlobalSection
	GlobalSection(ProjectConfigurationPlatforms) = postSolution
		{6D2F4561-7F14-8EB0-315A-3D41D6EC9ADE}.Debug|Any CPU.ActiveCfg = Debug|Any CPU
		{6D2F4561-7F14-8EB0-315A-3D41D6EC9ADE}.Debug|Any CPU.Build.0 = Debug|Any CPU
		{6D2F4561-7F14-8EB0-315A-3D41D6EC9ADE}.Release|Any CPU.ActiveCfg = Release|Any CPU
		{6D2F4561-7F14-8EB0-315A-3D41D6EC9ADE}.Release|Any CPU.Build.0 = Release|Any CPU
		{E3DFBE08-B77D-A8D6-07E2-60F8902226E1}.Debug|Any CPU.ActiveCfg = Debug|Any CPU
		{E3DFBE08-B77D-A8D6-07E2-60F8902226E1}.Debug|Any CPU.Build.0 = Debug|Any CPU
		{E3DFBE08-B77D-A8D6-07E2-60F8902226E1}.Release|Any CPU.ActiveCfg = Release|Any CPU
		{E3DFBE08-B77D-A8D6-07E2-60F8902226E1}.Release|Any CPU.Build.0 = Release|Any CPU
		{83288D4B-E772-27AD-DE73-B70973093A65}.Debug|Any CPU.ActiveCfg = Debug|Any CPU
		{83288D4B-E772-27AD-DE73-B70973093A65}.Debug|Any CPU.Build.0 = Debug|Any CPU
		{83288D4B-E772-27AD-DE73-B70973093A65}.Release|Any CPU.ActiveCfg = Release|Any CPU
		{83288D4B-E772-27AD-DE73-B70973093A65}.Release|Any CPU.Build.0 = Release|Any CPU
		{DA170D11-36E2-D7D7-7B13-CC1310423439}.Debug|Any CPU.ActiveCfg = Debug|Any CPU
		{DA170D11-36E2-D7D7-7B13-CC1310423439}.Debug|Any CPU.Build.0 = Debug|Any CPU
		{DA170D11-36E2-D7D7-7B13-CC1310423439}.Release|Any CPU.ActiveCfg = Release|Any CPU
		{DA170D11-36E2-D7D7-7B13-CC1310423439}.Release|Any CPU.Build.0 = Release|Any CPU
		{75BE2417-B772-0E64-3ADD-19E1FD593B50}.Debug|Any CPU.ActiveCfg = Debug|Any CPU
		{75BE2417-B772-0E64-3ADD-19E1FD593B50}.Debug|Any CPU.Build.0 = Debug|Any CPU
		{75BE2417-B772-0E64-3ADD-19E1FD593B50}.Release|Any CPU.ActiveCfg = Release|Any CPU
		{75BE2417-B772-0E64-3ADD-19E1FD593B50}.Release|Any CPU.Build.0 = Release|Any CPU
		{6CC8B3EB-D6D7-9BBA-DFE7-453284FE3200}.Debug|Any CPU.ActiveCfg = Debug|Any CPU
		{6CC8B3EB-D6D7-9BBA-DFE7-453284FE3200}.Debug|Any CPU.Build.0 = Debug|Any CPU
		{6CC8B3EB-D6D7-9BBA-DFE7-453284FE3200}.Release|Any CPU.ActiveCfg = Release|Any CPU
		{6CC8B3EB-D6D7-9BBA-DFE7-453284FE3200}.Release|Any CPU.Build.0 = Release|Any CPU
		{C598A5BE-51D7-C1DC-B5EE-E9C860405440}.Debug|Any CPU.ActiveCfg = Debug|Any CPU
		{C598A5BE-51D7-C1DC-B5EE-E9C860405440}.Debug|Any CPU.Build.0 = Debug|Any CPU
		{C598A5BE-51D7-C1DC-B5EE-E9C860405440}.Release|Any CPU.ActiveCfg = Release|Any CPU
		{C598A5BE-51D7-C1DC-B5EE-E9C860405440}.Release|Any CPU.Build.0 = Release|Any CPU
		{4D32A625-E701-CC2C-0138-C3D346258B92}.Debug|Any CPU.ActiveCfg = Debug|Any CPU
		{4D32A625-E701-CC2C-0138-C3D346258B92}.Debug|Any CPU.Build.0 = Debug|Any CPU
		{4D32A625-E701-CC2C-0138-C3D346258B92}.Release|Any CPU.ActiveCfg = Release|Any CPU
		{4D32A625-E701-CC2C-0138-C3D346258B92}.Release|Any CPU.Build.0 = Release|Any CPU
		{C52DBAD7-46B6-372D-A348-F8B3CF6CFBDA}.Debug|Any CPU.ActiveCfg = Debug|Any CPU
		{C52DBAD7-46B6-372D-A348-F8B3CF6CFBDA}.Debug|Any CPU.Build.0 = Debug|Any CPU
		{C52DBAD7-46B6-372D-A348-F8B3CF6CFBDA}.Release|Any CPU.ActiveCfg = Release|Any CPU
		{C52DBAD7-46B6-372D-A348-F8B3CF6CFBDA}.Release|Any CPU.Build.0 = Release|Any CPU
		{DCE106D7-4298-B4D1-9B62-BA4E1AB6BBA7}.Debug|Any CPU.ActiveCfg = Debug|Any CPU
		{DCE106D7-4298-B4D1-9B62-BA4E1AB6BBA7}.Debug|Any CPU.Build.0 = Debug|Any CPU
		{DCE106D7-4298-B4D1-9B62-BA4E1AB6BBA7}.Release|Any CPU.ActiveCfg = Release|Any CPU
		{DCE106D7-4298-B4D1-9B62-BA4E1AB6BBA7}.Release|Any CPU.Build.0 = Release|Any CPU
		{C2E11A9C-81A8-8A7C-17B5-57E48DDA74A7}.Debug|Any CPU.ActiveCfg = Debug|Any CPU
		{C2E11A9C-81A8-8A7C-17B5-57E48DDA74A7}.Debug|Any CPU.Build.0 = Debug|Any CPU
		{C2E11A9C-81A8-8A7C-17B5-57E48DDA74A7}.Release|Any CPU.ActiveCfg = Release|Any CPU
		{C2E11A9C-81A8-8A7C-17B5-57E48DDA74A7}.Release|Any CPU.Build.0 = Release|Any CPU
		{3713141B-D1E9-679D-5613-6EEB0ED6C597}.Debug|Any CPU.ActiveCfg = Debug|Any CPU
		{3713141B-D1E9-679D-5613-6EEB0ED6C597}.Debug|Any CPU.Build.0 = Debug|Any CPU
		{3713141B-D1E9-679D-5613-6EEB0ED6C597}.Release|Any CPU.ActiveCfg = Release|Any CPU
		{3713141B-D1E9-679D-5613-6EEB0ED6C597}.Release|Any CPU.Build.0 = Release|Any CPU
		{F9D2A5C9-6E34-1665-10BE-0524B01FFFEC}.Debug|Any CPU.ActiveCfg = Debug|Any CPU
		{F9D2A5C9-6E34-1665-10BE-0524B01FFFEC}.Debug|Any CPU.Build.0 = Debug|Any CPU
		{F9D2A5C9-6E34-1665-10BE-0524B01FFFEC}.Release|Any CPU.ActiveCfg = Release|Any CPU
		{F9D2A5C9-6E34-1665-10BE-0524B01FFFEC}.Release|Any CPU.Build.0 = Release|Any CPU
	EndGlobalSection
	GlobalSection(SolutionProperties) = preSolution
		HideSolutionNode = FALSE
	EndGlobalSection
EndGlobal
